PODS:
  - ChameleonFramework/Default (2.1.0)
  - ChameleonFramework/Swift (2.1.0):
    - ChameleonFramework/Default
  - NVActivityIndicatorView (5.1.1):
    - NVActivityIndicatorView/Base (= 5.1.1)
  - NVActivityIndicatorView/Base (5.1.1)

DEPENDENCIES:
  - ChameleonFramework/Swift (from `https://github.com/wowansm/Chameleon.git`, branch `swift5`)
  - NVActivityIndicatorView

SPEC REPOS:
  trunk:
    - NVActivityIndicatorView

EXTERNAL SOURCES:
  ChameleonFramework:
    :branch: swift5
    :git: https://github.com/wowansm/Chameleon.git

CHECKOUT OPTIONS:
  ChameleonFramework:
    :commit: 96d52c36a45847fff60bcff7a58fec1e4bd7390b
    :git: https://github.com/wowansm/Chameleon.git

SPEC CHECKSUMS:
  ChameleonFramework: d21a3cc247abfe5e37609a283a8238b03575cf64
  NVActivityIndicatorView: 1f6c5687f1171810aa27a3296814dc2d7dec3667

PODFILE CHECKSUM: 955001313a49056524f2ec26817606335eacc020

COCOAPODS: 1.11.3
