PODS:
  - ChameleonFramework/Default (2.1.0)
  - ChameleonFramework/Swift (2.1.0):
    - ChameleonFramework/Default
  - lottie-ios (4.4.0)
  - NVActivityIndicatorView (5.1.1):
    - NVActivityIndicatorView/Base (= 5.1.1)
  - NVActivityIndicatorView/Base (5.1.1)
  - Pageboy (4.0.2)
  - Tabman (3.0.2):
    - Pageboy (~> 4.0.2)
  - TextFieldEffects (1.6.0)

DEPENDENCIES:
  - ChameleonFramework/Swift (from `https://github.com/wowansm/Chameleon.git`, branch `swift5`)
  - lottie-ios
  - NVActivityIndicatorView
  - Tabman (~> 3.0)
  - TextFieldEffects

SPEC REPOS:
  trunk:
    - lottie-ios
    - NVActivityIndicatorView
    - Pageboy
    - Tabman
    - TextFieldEffects

EXTERNAL SOURCES:
  ChameleonFramework:
    :branch: swift5
    :git: https://github.com/wowansm/Chameleon.git

CHECKOUT OPTIONS:
  ChameleonFramework:
    :commit: 96d52c36a45847fff60bcff7a58fec1e4bd7390b
    :git: https://github.com/wowansm/Chameleon.git

SPEC CHECKSUMS:
  ChameleonFramework: d21a3cc247abfe5e37609a283a8238b03575cf64
  lottie-ios: ef1be1f90d54255f08e09d767950e43714661178
  NVActivityIndicatorView: 1f6c5687f1171810aa27a3296814dc2d7dec3667
  Pageboy: 34ff11e8d1041b81769d5bcde9b19a0cb7218bd9
  Tabman: 6326ec3a792da1c2a6e79c7eddb56af7b591c9d6
  TextFieldEffects: 529b8aff706fb40f82c41c780c0777941a893796

PODFILE CHECKSUM: d41cea869e54c5ed79493b36063c702215464f87

COCOAPODS: 1.11.3
